
Microsoft Visual Studio Solution File, Format Version 12.00
# Visual Studio Version 16
VisualStudioVersion = 16.0.30204.135
MinimumVisualStudioVersion = 10.0.40219.1
Project("{9A19103F-16F7-4668-BE54-9A1E7A4F7556}") = "DataAccess", "DataAccess\DataAccess.csproj", "{473C14C0-2B11-4ACA-AFD2-B71D3C1B10FC}"
EndProject
Project("{9A19103F-16F7-4668-BE54-9A1E7A4F7556}") = "CustomerManagerSystem", "CustomerManagerSystem\CustomerManagerSystem.csproj", "{80BDFEA8-1A6B-4DD3-8ACC-FD58F06E43CB}"
EndProject
Project("{9A19103F-16F7-4668-BE54-9A1E7A4F7556}") = "Entities", "Entities\Entities.csproj", "{19FE9F82-E11D-4EB3-9C61-D2702A33A9B1}"
EndProject
Project("{9A19103F-16F7-4668-BE54-9A1E7A4F7556}") = "Business", "Business\Business.csproj", "{1FE47AD7-1508-45B2-8430-E0AFC850F400}"
EndProject
Global
	GlobalSection(SolutionConfigurationPlatforms) = preSolution
		Debug|Any CPU = Debug|Any CPU
		Release|Any CPU = Release|Any CPU
	EndGlobalSection
	GlobalSection(ProjectConfigurationPlatforms) = postSolution
		{473C14C0-2B11-4ACA-AFD2-B71D3C1B10FC}.Debug|Any CPU.ActiveCfg = Debug|Any CPU
		{473C14C0-2B11-4ACA-AFD2-B71D3C1B10FC}.Debug|Any CPU.Build.0 = Debug|Any CPU
		{473C14C0-2B11-4ACA-AFD2-B71D3C1B10FC}.Release|Any CPU.ActiveCfg = Release|Any CPU
		{473C14C0-2B11-4ACA-AFD2-B71D3C1B10FC}.Release|Any CPU.Build.0 = Release|Any CPU
		{80BDFEA8-1A6B-4DD3-8ACC-FD58F06E43CB}.Debug|Any CPU.ActiveCfg = Debug|Any CPU
		{80BDFEA8-1A6B-4DD3-8ACC-FD58F06E43CB}.Debug|Any CPU.Build.0 = Debug|Any CPU
		{80BDFEA8-1A6B-4DD3-8ACC-FD58F06E43CB}.Release|Any CPU.ActiveCfg = Release|Any CPU
		{80BDFEA8-1A6B-4DD3-8ACC-FD58F06E43CB}.Release|Any CPU.Build.0 = Release|Any CPU
		{19FE9F82-E11D-4EB3-9C61-D2702A33A9B1}.Debug|Any CPU.ActiveCfg = Debug|Any CPU
		{19FE9F82-E11D-4EB3-9C61-D2702A33A9B1}.Debug|Any CPU.Build.0 = Debug|Any CPU
		{19FE9F82-E11D-4EB3-9C61-D2702A33A9B1}.Release|Any CPU.ActiveCfg = Release|Any CPU
		{19FE9F82-E11D-4EB3-9C61-D2702A33A9B1}.Release|Any CPU.Build.0 = Release|Any CPU
		{1FE47AD7-1508-45B2-8430-E0AFC850F400}.Debug|Any CPU.ActiveCfg = Debug|Any CPU
		{1FE47AD7-1508-45B2-8430-E0AFC850F400}.Debug|Any CPU.Build.0 = Debug|Any CPU
		{1FE47AD7-1508-45B2-8430-E0AFC850F400}.Release|Any CPU.ActiveCfg = Release|Any CPU
		{1FE47AD7-1508-45B2-8430-E0AFC850F400}.Release|Any CPU.Build.0 = Release|Any CPU
	EndGlobalSection
	GlobalSection(SolutionProperties) = preSolution
		HideSolutionNode = FALSE
	EndGlobalSection
	GlobalSection(ExtensibilityGlobals) = postSolution
		SolutionGuid = {842A6374-50D6-4708-8660-38B47A9CF916}
	EndGlobalSection
EndGlobal
